{
  "meteor": {},
  "dependencies": {
    "basePackages": {
      "iron-router": {},
      "roles": {},
      "collection-hooks": {},
      "accounts-entry": {},
      "winston": {},
      "winston-papertrail": {},
      "houston": {},
      "keybindings-mod": {
        "path": "packages/meteor-keybindings"
      },
      "mailgun": {}
    },
    "packages": {
      "iron-router": {
        "git": "https://github.com/EventedMind/iron-router.git",
        "tag": "v0.6.4",
        "commit": "927bbaed1b87894fb6fb70807f74ff3a5bd89f29"
      },
      "roles": {
        "git": "https://github.com/alanning/meteor-roles.git",
        "tag": "v1.2.6",
        "commit": "f2a9058281f8f2fe028767841d7445aadd6893cf"
      },
      "collection-hooks": {
        "git": "https://github.com/matb33/meteor-collection-hooks.git",
        "tag": "v0.6.2",
        "commit": "29484b2110206be93b01c6d11ce06ec9208de7bd"
      },
      "accounts-entry": {
        "git": "https://github.com/BeDifferential/accounts-entry.git",
        "tag": "v0.6.1",
        "commit": "8e42d4abca33d6a00d236d198589fe4924729d09"
      },
      "winston": {
        "git": "https://github.com/tomrogers3/meteor-winston.git",
        "tag": "v0.0.3",
        "commit": "60dc02303ca003ef05254f94fbb9bfd40915d5d3"
      },
      "winston-papertrail": {
        "git": "https://github.com/stuartfenton/meteor-winston-papertrail.git",
        "tag": "v0.0.5",
        "commit": "3884fbfce55648c2717bba51ce998b9a7bf9bd80"
      },
      "houston": {
        "git": "https://github.com/gterrono/meteor-admin-ui.git",
        "tag": "v1.0.0",
        "commit": "e98660af09cb3e4e90848abfe943a06e7068cccc"
      },
      "keybindings-mod": {
        "path": "packages/meteor-keybindings"
      },
      "mailgun": {
        "git": "https://github.com/cunneen/meteor-mailgun.git",
        "tag": "v0.9.1",
        "commit": "5ebfa17d4dadc4ae4b3784903d6bc252d09126e2"
      },
      "just-i18n": {
        "git": "https://github.com/subhog/meteor-just-i18n.git",
        "tag": "v0.1.1",
        "commit": "ce88ac66c0dc107dc2da93ce152616115838101f"
      },
      "accounts-t9n": {
        "git": "https://github.com/softwarerero/meteor-accounts-t9n.git",
        "tag": "v0.0.2",
        "commit": "408e3a037114cb72163073110e2121e3d548c1a2"
      },
      "paginated-subscription": {
        "git": "https://github.com/tmeasday/meteor-paginated-subscription.git",
        "tag": "v0.1.2",
        "commit": "35e0c6112df2b4cfeb60b559276a93cac5ee2dd6"
      },
      "spin": {
        "git": "https://github.com/SachaG/meteor-spin.git",
        "tag": "v0.2.2",
        "commit": "3f655f0016228e4195acc784c45d3e3a247dc39f"
      }
    }
  }
}
